
Microsoft Visual Studio Solution File, Format Version 12.00
# Visual Studio Version 17
VisualStudioVersion = 17.0.31903.59
MinimumVisualStudioVersion = 10.0.40219.1
Project("{FAE04EC0-301F-11D3-BF4B-00C04F79EFBC}") = "Otus_HW5", "Otus_HW5.csproj", "{D8765FB8-2FFD-449D-950A-7401BF6A8B13}"
EndProject
Global
	GlobalSection(SolutionConfigurationPlatforms) = preSolution
		Debug|Any CPU = Debug|Any CPU
		Release|Any CPU = Release|Any CPU
	EndGlobalSection
	GlobalSection(ProjectConfigurationPlatforms) = postSolution
		{D8765FB8-2FFD-449D-950A-7401BF6A8B13}.Debug|Any CPU.ActiveCfg = Debug|Any CPU
		{D8765FB8-2FFD-449D-950A-7401BF6A8B13}.Debug|Any CPU.Build.0 = Debug|Any CPU
		{D8765FB8-2FFD-449D-950A-7401BF6A8B13}.Release|Any CPU.ActiveCfg = Release|Any CPU
		{D8765FB8-2FFD-449D-950A-7401BF6A8B13}.Release|Any CPU.Build.0 = Release|Any CPU
	EndGlobalSection
	GlobalSection(SolutionProperties) = preSolution
		HideSolutionNode = FALSE
	EndGlobalSection
	GlobalSection(ExtensibilityGlobals) = postSolution
		SolutionGuid = {F61E14CB-A9DB-4E9B-9FFE-379A94A00E22}
	EndGlobalSection
EndGlobal
